
Microsoft Visual Studio Solution File, Format Version 12.00
# Visual Studio Version 16
VisualStudioVersion = 16.0.28803.202
MinimumVisualStudioVersion = 10.0.40219.1
Project("{FAE04EC0-301F-11D3-BF4B-00C04F79EFBC}") = "Kalkulator_Kalorii", "Kalkulator_Kalorii\Kalkulator_Kalorii.csproj", "{BDEFCF2E-23D7-4350-8C31-C3349ECD0970}"
EndProject
Global
	GlobalSection(SolutionConfigurationPlatforms) = preSolution
		Debug|Any CPU = Debug|Any CPU
		Release|Any CPU = Release|Any CPU
	EndGlobalSection
	GlobalSection(ProjectConfigurationPlatforms) = postSolution
		{BDEFCF2E-23D7-4350-8C31-C3349ECD0970}.Debug|Any CPU.ActiveCfg = Debug|Any CPU
		{BDEFCF2E-23D7-4350-8C31-C3349ECD0970}.Debug|Any CPU.Build.0 = Debug|Any CPU
		{BDEFCF2E-23D7-4350-8C31-C3349ECD0970}.Release|Any CPU.ActiveCfg = Release|Any CPU
		{BDEFCF2E-23D7-4350-8C31-C3349ECD0970}.Release|Any CPU.Build.0 = Release|Any CPU
	EndGlobalSection
	GlobalSection(SolutionProperties) = preSolution
		HideSolutionNode = FALSE
	EndGlobalSection
	GlobalSection(ExtensibilityGlobals) = postSolution
		SolutionGuid = {8572B18B-FAA6-4A80-8B53-C83FD72F9A3A}
	EndGlobalSection
EndGlobal
